{
  "version": 4,
  "terraform_version": "1.1.7",
  "serial": 9,
  "lineage": "44a3adce-c351-2155-9656-6b2e1ae39364",
  "outputs": {},
  "resources": [
    {
      "mode": "managed",
      "type": "aws_iam_role",
      "name": "hello",
      "provider": "provider[\"registry.terraform.io/hashicorp/aws\"]",
      "instances": [
        {
          "schema_version": 0,
          "attributes": {
            "arn": "arn:aws:iam::000000000000:role/hello",
            "assume_role_policy": "{\n  \"Version\": \"2012-10-17\",\n  \"Statement\": {\n    \"Action\": \"sts:AssumeRole\",\n    \"Principal\": {\n      \"Service\": \"lambda.amazonaws.com\"\n    },\n    \"Effect\": \"Allow\"\n  }\n}\n",
            "create_date": "2022-03-23T21:25:26Z",
            "description": "",
            "force_detach_policies": false,
            "id": "hello",
            "inline_policy": [
              {
                "name": "",
                "policy": ""
              }
            ],
            "managed_policy_arns": [],
            "max_session_duration": 3600,
            "name": "hello",
            "name_prefix": "",
            "path": "/",
            "permissions_boundary": null,
            "tags": {},
            "tags_all": {},
            "unique_id": "w5r6u9imuh3mfldesnoq"
          },
          "sensitive_attributes": [],
          "private": "bnVsbA=="
        }
      ]
    },
    {
      "mode": "managed",
      "type": "aws_lambda_function",
      "name": "hello",
      "provider": "provider[\"registry.terraform.io/hashicorp/aws\"]",
      "instances": [
        {
          "schema_version": 0,
          "attributes": {
            "architectures": [
              "x86_64"
            ],
            "arn": "arn:aws:lambda:us-west-1:000000000000:function:test",
            "code_signing_config_arn": "",
            "dead_letter_config": [],
            "description": "",
            "environment": [],
            "file_system_config": [],
            "filename": "../dist/lambda.zip",
            "function_name": "test",
            "handler": "handlers.test",
            "id": "test",
            "image_config": [],
            "image_uri": "",
            "invoke_arn": "arn:aws:apigateway:us-west-1:lambda:path/2015-03-31/functions/arn:aws:lambda:us-west-1:000000000000:function:test/invocations",
            "kms_key_arn": "",
            "last_modified": "2022-03-23T21:32:09.001+0000",
            "layers": [],
            "memory_size": 128,
            "package_type": "Zip",
            "publish": false,
            "qualified_arn": "arn:aws:lambda:us-west-1:000000000000:function:test:$LATEST",
            "reserved_concurrent_executions": -1,
            "role": "arn:aws:iam::000000000000:role/hello",
            "runtime": "nodejs14.x",
            "s3_bucket": null,
            "s3_key": null,
            "s3_object_version": null,
            "signing_job_arn": "",
            "signing_profile_version_arn": "",
            "source_code_hash": "8n/ddD7wsxDCEnVEfS5KmvskWHQAtu4uPxsGtvY/Ep8=",
            "source_code_size": 1076474,
            "tags": {},
            "tags_all": {},
            "timeout": 1,
            "timeouts": null,
            "tracing_config": [
              {
                "mode": "PassThrough"
              }
            ],
            "version": "$LATEST",
            "vpc_config": []
          },
          "sensitive_attributes": [],
          "private": "eyJlMmJmYjczMC1lY2FhLTExZTYtOGY4OC0zNDM2M2JjN2M0YzAiOnsiY3JlYXRlIjo2MDAwMDAwMDAwMDB9fQ==",
          "dependencies": [
            "aws_iam_role.hello"
          ]
        }
      ]
    }
  ]
}
